
Microsoft Visual Studio Solution File, Format Version 12.00
# Visual Studio Version 16
VisualStudioVersion = 16.0.30204.135
MinimumVisualStudioVersion = 10.0.40219.1
Project("{FAE04EC0-301F-11D3-BF4B-00C04F79EFBC}") = "Application.Android", "Application\Application.Android\Application.Android.csproj", "{92F8E617-6ACB-4730-9C09-299EA28F9B06}"
EndProject
Project("{FAE04EC0-301F-11D3-BF4B-00C04F79EFBC}") = "Application.iOS", "Application\Application.iOS\Application.iOS.csproj", "{F4486734-5026-4187-AAD4-BFA256EC4592}"
EndProject
Project("{FAE04EC0-301F-11D3-BF4B-00C04F79EFBC}") = "Application", "Application\Application\Application.csproj", "{754FEA2A-AFF8-4DFB-A374-B857D0CBD509}"
EndProject
Project("{FAE04EC0-301F-11D3-BF4B-00C04F79EFBC}") = "OcrReader", "OcrReader\OcrReader.csproj", "{F7A30D1C-CB02-4DCF-B8A2-F26A6CBB68E0}"
EndProject
Project("{2150E333-8FDC-42A3-9474-1A3956D46DE8}") = "Assets", "Assets", "{CF266FF0-FAB5-4DB1-AF06-75294C7F72E8}"
	ProjectSection(SolutionItems) = preProject
		TextFile1.txt = TextFile1.txt
	EndProjectSection
EndProject
Global
	GlobalSection(SolutionConfigurationPlatforms) = preSolution
		Debug|Any CPU = Debug|Any CPU
		Debug|iPhone = Debug|iPhone
		Debug|iPhoneSimulator = Debug|iPhoneSimulator
		Release|Any CPU = Release|Any CPU
		Release|iPhone = Release|iPhone
		Release|iPhoneSimulator = Release|iPhoneSimulator
	EndGlobalSection
	GlobalSection(ProjectConfigurationPlatforms) = postSolution
		{92F8E617-6ACB-4730-9C09-299EA28F9B06}.Debug|Any CPU.ActiveCfg = Debug|Any CPU
		{92F8E617-6ACB-4730-9C09-299EA28F9B06}.Debug|Any CPU.Build.0 = Debug|Any CPU
		{92F8E617-6ACB-4730-9C09-299EA28F9B06}.Debug|Any CPU.Deploy.0 = Debug|Any CPU
		{92F8E617-6ACB-4730-9C09-299EA28F9B06}.Debug|iPhone.ActiveCfg = Debug|Any CPU
		{92F8E617-6ACB-4730-9C09-299EA28F9B06}.Debug|iPhone.Build.0 = Debug|Any CPU
		{92F8E617-6ACB-4730-9C09-299EA28F9B06}.Debug|iPhone.Deploy.0 = Debug|Any CPU
		{92F8E617-6ACB-4730-9C09-299EA28F9B06}.Debug|iPhoneSimulator.ActiveCfg = Debug|Any CPU
		{92F8E617-6ACB-4730-9C09-299EA28F9B06}.Debug|iPhoneSimulator.Build.0 = Debug|Any CPU
		{92F8E617-6ACB-4730-9C09-299EA28F9B06}.Debug|iPhoneSimulator.Deploy.0 = Debug|Any CPU
		{92F8E617-6ACB-4730-9C09-299EA28F9B06}.Release|Any CPU.ActiveCfg = Release|Any CPU
		{92F8E617-6ACB-4730-9C09-299EA28F9B06}.Release|Any CPU.Build.0 = Release|Any CPU
		{92F8E617-6ACB-4730-9C09-299EA28F9B06}.Release|Any CPU.Deploy.0 = Release|Any CPU
		{92F8E617-6ACB-4730-9C09-299EA28F9B06}.Release|iPhone.ActiveCfg = Release|Any CPU
		{92F8E617-6ACB-4730-9C09-299EA28F9B06}.Release|iPhone.Build.0 = Release|Any CPU
		{92F8E617-6ACB-4730-9C09-299EA28F9B06}.Release|iPhone.Deploy.0 = Release|Any CPU
		{92F8E617-6ACB-4730-9C09-299EA28F9B06}.Release|iPhoneSimulator.ActiveCfg = Release|Any CPU
		{92F8E617-6ACB-4730-9C09-299EA28F9B06}.Release|iPhoneSimulator.Build.0 = Release|Any CPU
		{92F8E617-6ACB-4730-9C09-299EA28F9B06}.Release|iPhoneSimulator.Deploy.0 = Release|Any CPU
		{F4486734-5026-4187-AAD4-BFA256EC4592}.Debug|Any CPU.ActiveCfg = Debug|iPhone
		{F4486734-5026-4187-AAD4-BFA256EC4592}.Debug|Any CPU.Build.0 = Debug|iPhone
		{F4486734-5026-4187-AAD4-BFA256EC4592}.Debug|Any CPU.Deploy.0 = Debug|iPhone
		{F4486734-5026-4187-AAD4-BFA256EC4592}.Debug|iPhone.ActiveCfg = Debug|iPhone
		{F4486734-5026-4187-AAD4-BFA256EC4592}.Debug|iPhone.Build.0 = Debug|iPhone
		{F4486734-5026-4187-AAD4-BFA256EC4592}.Debug|iPhone.Deploy.0 = Debug|iPhone
		{F4486734-5026-4187-AAD4-BFA256EC4592}.Debug|iPhoneSimulator.ActiveCfg = Debug|iPhoneSimulator
		{F4486734-5026-4187-AAD4-BFA256EC4592}.Debug|iPhoneSimulator.Build.0 = Debug|iPhoneSimulator
		{F4486734-5026-4187-AAD4-BFA256EC4592}.Debug|iPhoneSimulator.Deploy.0 = Debug|iPhoneSimulator
		{F4486734-5026-4187-AAD4-BFA256EC4592}.Release|Any CPU.ActiveCfg = Release|iPhone
		{F4486734-5026-4187-AAD4-BFA256EC4592}.Release|Any CPU.Build.0 = Release|iPhone
		{F4486734-5026-4187-AAD4-BFA256EC4592}.Release|Any CPU.Deploy.0 = Release|iPhone
		{F4486734-5026-4187-AAD4-BFA256EC4592}.Release|iPhone.ActiveCfg = Release|iPhone
		{F4486734-5026-4187-AAD4-BFA256EC4592}.Release|iPhone.Build.0 = Release|iPhone
		{F4486734-5026-4187-AAD4-BFA256EC4592}.Release|iPhone.Deploy.0 = Release|iPhone
		{F4486734-5026-4187-AAD4-BFA256EC4592}.Release|iPhoneSimulator.ActiveCfg = Release|iPhoneSimulator
		{F4486734-5026-4187-AAD4-BFA256EC4592}.Release|iPhoneSimulator.Build.0 = Release|iPhoneSimulator
		{F4486734-5026-4187-AAD4-BFA256EC4592}.Release|iPhoneSimulator.Deploy.0 = Release|iPhoneSimulator
		{754FEA2A-AFF8-4DFB-A374-B857D0CBD509}.Debug|Any CPU.ActiveCfg = Debug|Any CPU
		{754FEA2A-AFF8-4DFB-A374-B857D0CBD509}.Debug|Any CPU.Build.0 = Debug|Any CPU
		{754FEA2A-AFF8-4DFB-A374-B857D0CBD509}.Debug|Any CPU.Deploy.0 = Debug|Any CPU
		{754FEA2A-AFF8-4DFB-A374-B857D0CBD509}.Debug|iPhone.ActiveCfg = Debug|Any CPU
		{754FEA2A-AFF8-4DFB-A374-B857D0CBD509}.Debug|iPhone.Build.0 = Debug|Any CPU
		{754FEA2A-AFF8-4DFB-A374-B857D0CBD509}.Debug|iPhone.Deploy.0 = Debug|Any CPU
		{754FEA2A-AFF8-4DFB-A374-B857D0CBD509}.Debug|iPhoneSimulator.ActiveCfg = Debug|Any CPU
		{754FEA2A-AFF8-4DFB-A374-B857D0CBD509}.Debug|iPhoneSimulator.Build.0 = Debug|Any CPU
		{754FEA2A-AFF8-4DFB-A374-B857D0CBD509}.Debug|iPhoneSimulator.Deploy.0 = Debug|Any CPU
		{754FEA2A-AFF8-4DFB-A374-B857D0CBD509}.Release|Any CPU.ActiveCfg = Release|Any CPU
		{754FEA2A-AFF8-4DFB-A374-B857D0CBD509}.Release|Any CPU.Build.0 = Release|Any CPU
		{754FEA2A-AFF8-4DFB-A374-B857D0CBD509}.Release|Any CPU.Deploy.0 = Release|Any CPU
		{754FEA2A-AFF8-4DFB-A374-B857D0CBD509}.Release|iPhone.ActiveCfg = Release|Any CPU
		{754FEA2A-AFF8-4DFB-A374-B857D0CBD509}.Release|iPhone.Build.0 = Release|Any CPU
		{754FEA2A-AFF8-4DFB-A374-B857D0CBD509}.Release|iPhone.Deploy.0 = Release|Any CPU
		{754FEA2A-AFF8-4DFB-A374-B857D0CBD509}.Release|iPhoneSimulator.ActiveCfg = Release|Any CPU
		{754FEA2A-AFF8-4DFB-A374-B857D0CBD509}.Release|iPhoneSimulator.Build.0 = Release|Any CPU
		{754FEA2A-AFF8-4DFB-A374-B857D0CBD509}.Release|iPhoneSimulator.Deploy.0 = Release|Any CPU
		{F7A30D1C-CB02-4DCF-B8A2-F26A6CBB68E0}.Debug|Any CPU.ActiveCfg = Debug|Any CPU
		{F7A30D1C-CB02-4DCF-B8A2-F26A6CBB68E0}.Debug|Any CPU.Build.0 = Debug|Any CPU
		{F7A30D1C-CB02-4DCF-B8A2-F26A6CBB68E0}.Debug|iPhone.ActiveCfg = Debug|Any CPU
		{F7A30D1C-CB02-4DCF-B8A2-F26A6CBB68E0}.Debug|iPhone.Build.0 = Debug|Any CPU
		{F7A30D1C-CB02-4DCF-B8A2-F26A6CBB68E0}.Debug|iPhoneSimulator.ActiveCfg = Debug|Any CPU
		{F7A30D1C-CB02-4DCF-B8A2-F26A6CBB68E0}.Debug|iPhoneSimulator.Build.0 = Debug|Any CPU
		{F7A30D1C-CB02-4DCF-B8A2-F26A6CBB68E0}.Release|Any CPU.ActiveCfg = Release|Any CPU
		{F7A30D1C-CB02-4DCF-B8A2-F26A6CBB68E0}.Release|Any CPU.Build.0 = Release|Any CPU
		{F7A30D1C-CB02-4DCF-B8A2-F26A6CBB68E0}.Release|iPhone.ActiveCfg = Release|Any CPU
		{F7A30D1C-CB02-4DCF-B8A2-F26A6CBB68E0}.Release|iPhone.Build.0 = Release|Any CPU
		{F7A30D1C-CB02-4DCF-B8A2-F26A6CBB68E0}.Release|iPhoneSimulator.ActiveCfg = Release|Any CPU
		{F7A30D1C-CB02-4DCF-B8A2-F26A6CBB68E0}.Release|iPhoneSimulator.Build.0 = Release|Any CPU
	EndGlobalSection
	GlobalSection(SolutionProperties) = preSolution
		HideSolutionNode = FALSE
	EndGlobalSection
	GlobalSection(ExtensibilityGlobals) = postSolution
		SolutionGuid = {7E6BA99B-07FC-47F8-BD1C-28D92B6D0A6B}
	EndGlobalSection
EndGlobal
